
Microsoft Visual Studio Solution File, Format Version 12.00
# Visual Studio Version 17
VisualStudioVersion = 17.5.33414.496
MinimumVisualStudioVersion = 10.0.40219.1
Project("{FAE04EC0-301F-11D3-BF4B-00C04F79EFBC}") = "NoxusScouter", "NoxusScouter\NoxusScouter.csproj", "{78E3B498-2344-48F9-8F46-2B1960666052}"
EndProject
Global
	GlobalSection(SolutionConfigurationPlatforms) = preSolution
		Debug|Any CPU = Debug|Any CPU
		Release|Any CPU = Release|Any CPU
	EndGlobalSection
	GlobalSection(ProjectConfigurationPlatforms) = postSolution
		{78E3B498-2344-48F9-8F46-2B1960666052}.Debug|Any CPU.ActiveCfg = Debug|Any CPU
		{78E3B498-2344-48F9-8F46-2B1960666052}.Debug|Any CPU.Build.0 = Debug|Any CPU
		{78E3B498-2344-48F9-8F46-2B1960666052}.Release|Any CPU.ActiveCfg = Release|Any CPU
		{78E3B498-2344-48F9-8F46-2B1960666052}.Release|Any CPU.Build.0 = Release|Any CPU
	EndGlobalSection
	GlobalSection(SolutionProperties) = preSolution
		HideSolutionNode = FALSE
	EndGlobalSection
	GlobalSection(ExtensibilityGlobals) = postSolution
		SolutionGuid = {92CFD211-4B38-4989-AB79-24A189B285A4}
	EndGlobalSection
EndGlobal
